
Microsoft Visual Studio Solution File, Format Version 12.00
# Visual Studio Version 17
VisualStudioVersion = 17.4.33122.133
MinimumVisualStudioVersion = 10.0.40219.1
Project("{FAE04EC0-301F-11D3-BF4B-00C04F79EFBC}") = "DemoUI", "DemoUI.csproj", "{EAF48065-680F-4B18-B629-46E3335B58D5}"
EndProject
Global
	GlobalSection(SolutionConfigurationPlatforms) = preSolution
		Debug|Any CPU = Debug|Any CPU
		Release|Any CPU = Release|Any CPU
	EndGlobalSection
	GlobalSection(ProjectConfigurationPlatforms) = postSolution
		{EAF48065-680F-4B18-B629-46E3335B58D5}.Debug|Any CPU.ActiveCfg = Debug|Any CPU
		{EAF48065-680F-4B18-B629-46E3335B58D5}.Debug|Any CPU.Build.0 = Debug|Any CPU
		{EAF48065-680F-4B18-B629-46E3335B58D5}.Release|Any CPU.ActiveCfg = Release|Any CPU
		{EAF48065-680F-4B18-B629-46E3335B58D5}.Release|Any CPU.Build.0 = Release|Any CPU
	EndGlobalSection
	GlobalSection(SolutionProperties) = preSolution
		HideSolutionNode = FALSE
	EndGlobalSection
	GlobalSection(ExtensibilityGlobals) = postSolution
		SolutionGuid = {C176E74C-34C1-4677-BDE0-0F36290EF9F4}
	EndGlobalSection
EndGlobal
